
Microsoft Visual Studio Solution File, Format Version 12.00
# Visual Studio Version 17
VisualStudioVersion = 17.5.33627.172
MinimumVisualStudioVersion = 10.0.40219.1
Project("{9A19103F-16F7-4668-BE54-9A1E7A4F7556}") = "Domain", "Domain\Domain.csproj", "{142E4094-6781-4D5C-89EA-898049D916C8}"
EndProject
Project("{9A19103F-16F7-4668-BE54-9A1E7A4F7556}") = "Application", "Application\Application.csproj", "{F986D567-699B-4B4C-ACD5-E6AF036B646D}"
EndProject
Project("{9A19103F-16F7-4668-BE54-9A1E7A4F7556}") = "Data", "Data\Data.csproj", "{EA9E107B-628E-4A11-B349-22E05C708AEE}"
EndProject
Project("{FAE04EC0-301F-11D3-BF4B-00C04F79EFBC}") = "Web", "Web\Web.csproj", "{3BC129DC-B6D0-4593-895C-5F2B98711FF2}"
EndProject
Global
	GlobalSection(SolutionConfigurationPlatforms) = preSolution
		Debug|Any CPU = Debug|Any CPU
		Release|Any CPU = Release|Any CPU
	EndGlobalSection
	GlobalSection(ProjectConfigurationPlatforms) = postSolution
		{142E4094-6781-4D5C-89EA-898049D916C8}.Debug|Any CPU.ActiveCfg = Debug|Any CPU
		{142E4094-6781-4D5C-89EA-898049D916C8}.Debug|Any CPU.Build.0 = Debug|Any CPU
		{142E4094-6781-4D5C-89EA-898049D916C8}.Release|Any CPU.ActiveCfg = Release|Any CPU
		{142E4094-6781-4D5C-89EA-898049D916C8}.Release|Any CPU.Build.0 = Release|Any CPU
		{F986D567-699B-4B4C-ACD5-E6AF036B646D}.Debug|Any CPU.ActiveCfg = Debug|Any CPU
		{F986D567-699B-4B4C-ACD5-E6AF036B646D}.Debug|Any CPU.Build.0 = Debug|Any CPU
		{F986D567-699B-4B4C-ACD5-E6AF036B646D}.Release|Any CPU.ActiveCfg = Release|Any CPU
		{F986D567-699B-4B4C-ACD5-E6AF036B646D}.Release|Any CPU.Build.0 = Release|Any CPU
		{EA9E107B-628E-4A11-B349-22E05C708AEE}.Debug|Any CPU.ActiveCfg = Debug|Any CPU
		{EA9E107B-628E-4A11-B349-22E05C708AEE}.Debug|Any CPU.Build.0 = Debug|Any CPU
		{EA9E107B-628E-4A11-B349-22E05C708AEE}.Release|Any CPU.ActiveCfg = Release|Any CPU
		{EA9E107B-628E-4A11-B349-22E05C708AEE}.Release|Any CPU.Build.0 = Release|Any CPU
		{3BC129DC-B6D0-4593-895C-5F2B98711FF2}.Debug|Any CPU.ActiveCfg = Debug|Any CPU
		{3BC129DC-B6D0-4593-895C-5F2B98711FF2}.Debug|Any CPU.Build.0 = Debug|Any CPU
		{3BC129DC-B6D0-4593-895C-5F2B98711FF2}.Release|Any CPU.ActiveCfg = Release|Any CPU
		{3BC129DC-B6D0-4593-895C-5F2B98711FF2}.Release|Any CPU.Build.0 = Release|Any CPU
	EndGlobalSection
	GlobalSection(SolutionProperties) = preSolution
		HideSolutionNode = FALSE
	EndGlobalSection
	GlobalSection(ExtensibilityGlobals) = postSolution
		SolutionGuid = {235EDA0A-F8B7-4231-A63D-8ADF997343D5}
	EndGlobalSection
EndGlobal
